// !$*UTF8*$!
{
	archiveVersion = 1;
	classes = {
	};
	objectVersion = 46;
	objects = {

/* Begin PBXBuildFile section */
		680577141A145D660048D21F /* FiScERunner.m in Sources */ = {isa = PBXBuildFile; fileRef = 680577131A145D660048D21F /* FiScERunner.m */; };
		68121FFB1A74C4ED00AF86E9 /* libFiScEVM.a in Frameworks */ = {isa = PBXBuildFile; fileRef = 6873C23E1A033A66006C201B /* libFiScEVM.a */; };
		681220041A74C54A00AF86E9 /* FiScEVMTest.m in Sources */ = {isa = PBXBuildFile; fileRef = 681220031A74C54A00AF86E9 /* FiScEVMTest.m */; };
		6814D3FD1A6AC9BE00B8F945 /* FiScERunner.h in Copy Files */ = {isa = PBXBuildFile; fileRef = 680577121A145D660048D21F /* FiScERunner.h */; };
		6873C2421A033A66006C201B /* FiScEVM.h in Copy Files */ = {isa = PBXBuildFile; fileRef = 6873C2411A033A66006C201B /* FiScEVM.h */; };
		6873C2441A033A66006C201B /* FiScEVM.m in Sources */ = {isa = PBXBuildFile; fileRef = 6873C2431A033A66006C201B /* FiScEVM.m */; };
		68DAD3AE1A9265790053C05B /* Debug.c in Sources */ = {isa = PBXBuildFile; fileRef = 68DAD3971A9265790053C05B /* Debug.c */; };
		68DAD3AF1A9265790053C05B /* Thread.c in Sources */ = {isa = PBXBuildFile; fileRef = 68DAD3981A9265790053C05B /* Thread.c */; };
		68DAD3B01A9265790053C05B /* Heap.c in Sources */ = {isa = PBXBuildFile; fileRef = 68DAD3991A9265790053C05B /* Heap.c */; };
		68DAD3B11A9265790053C05B /* ThreadManager.c in Sources */ = {isa = PBXBuildFile; fileRef = 68DAD39A1A9265790053C05B /* ThreadManager.c */; };
		68DAD3B21A9265790053C05B /* Engine.c in Sources */ = {isa = PBXBuildFile; fileRef = 68DAD39B1A9265790053C05B /* Engine.c */; };
		68DAD3B31A9265790053C05B /* VMContext.c in Sources */ = {isa = PBXBuildFile; fileRef = 68DAD39C1A9265790053C05B /* VMContext.c */; };
		68DAD3B41A9265790053C05B /* RIS.c in Sources */ = {isa = PBXBuildFile; fileRef = 68DAD39D1A9265790053C05B /* RIS.c */; };
		68DAD3B51A9265790053C05B /* Preverifier.c in Sources */ = {isa = PBXBuildFile; fileRef = 68DAD39E1A9265790053C05B /* Preverifier.c */; };
		68DAD3B61A9265790053C05B /* MathHandlers.c in Sources */ = {isa = PBXBuildFile; fileRef = 68DAD39F1A9265790053C05B /* MathHandlers.c */; };
		68DAD3B71A9265790053C05B /* Instructions.c in Sources */ = {isa = PBXBuildFile; fileRef = 68DAD3A01A9265790053C05B /* Instructions.c */; };
		68DAD3B91A9265790053C05B /* FiScE.c in Sources */ = {isa = PBXBuildFile; fileRef = 68DAD3A21A9265790053C05B /* FiScE.c */; };
		68DAD3BA1A9265790053C05B /* FileInputStream.c in Sources */ = {isa = PBXBuildFile; fileRef = 68DAD3A31A9265790053C05B /* FileInputStream.c */; };
		68DAD3BB1A9265790053C05B /* ExpDev.c in Sources */ = {isa = PBXBuildFile; fileRef = 68DAD3A41A9265790053C05B /* ExpDev.c */; };
		68DAD3BC1A9265790053C05B /* Data.c in Sources */ = {isa = PBXBuildFile; fileRef = 68DAD3A51A9265790053C05B /* Data.c */; };
		68DAD3BD1A9265790053C05B /* CoreHandlers.c in Sources */ = {isa = PBXBuildFile; fileRef = 68DAD3A61A9265790053C05B /* CoreHandlers.c */; };
		68DAD3BE1A9265790053C05B /* ClassLoader.c in Sources */ = {isa = PBXBuildFile; fileRef = 68DAD3A71A9265790053C05B /* ClassLoader.c */; };
		68DAD3BF1A9265790053C05B /* Class.c in Sources */ = {isa = PBXBuildFile; fileRef = 68DAD3A81A9265790053C05B /* Class.c */; };
		68DAD3C01A9265790053C05B /* BinarySaver.c in Sources */ = {isa = PBXBuildFile; fileRef = 68DAD3A91A9265790053C05B /* BinarySaver.c */; };
		68DAD3C11A9265790053C05B /* BAIS.c in Sources */ = {isa = PBXBuildFile; fileRef = 68DAD3AA1A9265790053C05B /* BAIS.c */; };
		68DAD3C21A9265790053C05B /* DataLoader.c in Sources */ = {isa = PBXBuildFile; fileRef = 68DAD3AB1A9265790053C05B /* DataLoader.c */; };
		68DAD3C31A9265790053C05B /* fisce-labels.i in Sources */ = {isa = PBXBuildFile; fileRef = 68DAD3AC1A9265790053C05B /* fisce-labels.i */; };
		68DAD3C41A9265790053C05B /* fisce-vm.i in Sources */ = {isa = PBXBuildFile; fileRef = 68DAD3AD1A9265790053C05B /* fisce-vm.i */; };
		68DAD3CF1A92658E0053C05B /* ArrList.c in Sources */ = {isa = PBXBuildFile; fileRef = 68DAD3C51A92658E0053C05B /* ArrList.c */; };
		68DAD3D01A92658E0053C05B /* BitSet.c in Sources */ = {isa = PBXBuildFile; fileRef = 68DAD3C61A92658E0053C05B /* BitSet.c */; };
		68DAD3D11A92658E0053C05B /* Debug.c in Sources */ = {isa = PBXBuildFile; fileRef = 68DAD3C71A92658E0053C05B /* Debug.c */; };
		68DAD3D21A92658E0053C05B /* HashMap.c in Sources */ = {isa = PBXBuildFile; fileRef = 68DAD3C81A92658E0053C05B /* HashMap.c */; };
		68DAD3D31A92658E0053C05B /* HashMapI.c in Sources */ = {isa = PBXBuildFile; fileRef = 68DAD3C91A92658E0053C05B /* HashMapI.c */; };
		68DAD3D41A92658E0053C05B /* LnkList.c in Sources */ = {isa = PBXBuildFile; fileRef = 68DAD3CA1A92658E0053C05B /* LnkList.c */; };
		68DAD3D51A92658E0053C05B /* MemMan.c in Sources */ = {isa = PBXBuildFile; fileRef = 68DAD3CB1A92658E0053C05B /* MemMan.c */; };
		68DAD3D61A92658E0053C05B /* Portable.c in Sources */ = {isa = PBXBuildFile; fileRef = 68DAD3CC1A92658E0053C05B /* Portable.c */; };
		68DAD3D71A92658E0053C05B /* String.c in Sources */ = {isa = PBXBuildFile; fileRef = 68DAD3CD1A92658E0053C05B /* String.c */; };
		68DAD3D81A92658E0053C05B /* Utf8.c in Sources */ = {isa = PBXBuildFile; fileRef = 68DAD3CE1A92658E0053C05B /* Utf8.c */; };
/* End PBXBuildFile section */

/* Begin PBXContainerItemProxy section */
		68121FFC1A74C4ED00AF86E9 /* PBXContainerItemProxy */ = {
			isa = PBXContainerItemProxy;
			containerPortal = 6873C2361A033A66006C201B /* Project object */;
			proxyType = 1;
			remoteGlobalIDString = 6873C23D1A033A66006C201B;
			remoteInfo = "fiscevm-ios";
		};
/* End PBXContainerItemProxy section */

/* Begin PBXCopyFilesBuildPhase section */
		6873C23C1A033A66006C201B /* Copy Files */ = {
			isa = PBXCopyFilesBuildPhase;
			buildActionMask = 2147483647;
			dstPath = "include/$(PRODUCT_NAME)";
			dstSubfolderSpec = 16;
			files = (
				6814D3FD1A6AC9BE00B8F945 /* FiScERunner.h in Copy Files */,
				6873C2421A033A66006C201B /* FiScEVM.h in Copy Files */,
			);
			name = "Copy Files";
			runOnlyForDeploymentPostprocessing = 0;
		};
/* End PBXCopyFilesBuildPhase section */

/* Begin PBXFileReference section */
		680577121A145D660048D21F /* FiScERunner.h */ = {isa = PBXFileReference; fileEncoding = 4; lastKnownFileType = sourcecode.c.h; path = FiScERunner.h; sourceTree = "<group>"; };
		680577131A145D660048D21F /* FiScERunner.m */ = {isa = PBXFileReference; fileEncoding = 4; lastKnownFileType = sourcecode.c.objc; path = FiScERunner.m; sourceTree = "<group>"; };
		68121FF51A74C4EC00AF86E9 /* fiscevm-iosTests.xctest */ = {isa = PBXFileReference; explicitFileType = wrapper.cfbundle; includeInIndex = 0; path = "fiscevm-iosTests.xctest"; sourceTree = BUILT_PRODUCTS_DIR; };
		68121FF81A74C4ED00AF86E9 /* Info.plist */ = {isa = PBXFileReference; lastKnownFileType = text.plist.xml; path = Info.plist; sourceTree = "<group>"; };
		681220031A74C54A00AF86E9 /* FiScEVMTest.m */ = {isa = PBXFileReference; fileEncoding = 4; lastKnownFileType = sourcecode.c.objc; path = FiScEVMTest.m; sourceTree = "<group>"; };
		6873C23E1A033A66006C201B /* libFiScEVM.a */ = {isa = PBXFileReference; explicitFileType = archive.ar; includeInIndex = 0; path = libFiScEVM.a; sourceTree = BUILT_PRODUCTS_DIR; };
		6873C2411A033A66006C201B /* FiScEVM.h */ = {isa = PBXFileReference; lastKnownFileType = sourcecode.c.h; path = FiScEVM.h; sourceTree = "<group>"; };
		6873C2431A033A66006C201B /* FiScEVM.m */ = {isa = PBXFileReference; lastKnownFileType = sourcecode.c.objc; path = FiScEVM.m; sourceTree = "<group>"; };
		6873C4951A0F98DB006C201B /* classes */ = {isa = PBXFileReference; lastKnownFileType = folder; name = classes; path = "../../fiscevm-runtime/target/classes"; sourceTree = "<group>"; };
		68DAD3971A9265790053C05B /* Debug.c */ = {isa = PBXFileReference; fileEncoding = 4; lastKnownFileType = sourcecode.c.c; name = Debug.c; path = "../../fiscevm-c-native/src/main/vmcore/Debug.c"; sourceTree = "<group>"; };
		68DAD3981A9265790053C05B /* Thread.c */ = {isa = PBXFileReference; fileEncoding = 4; lastKnownFileType = sourcecode.c.c; name = Thread.c; path = "../../fiscevm-c-native/src/main/vmcore/Thread.c"; sourceTree = "<group>"; };
		68DAD3991A9265790053C05B /* Heap.c */ = {isa = PBXFileReference; fileEncoding = 4; lastKnownFileType = sourcecode.c.c; name = Heap.c; path = "../../fiscevm-c-native/src/main/vmcore/Heap.c"; sourceTree = "<group>"; };
		68DAD39A1A9265790053C05B /* ThreadManager.c */ = {isa = PBXFileReference; fileEncoding = 4; lastKnownFileType = sourcecode.c.c; name = ThreadManager.c; path = "../../fiscevm-c-native/src/main/vmcore/ThreadManager.c"; sourceTree = "<group>"; };
		68DAD39B1A9265790053C05B /* Engine.c */ = {isa = PBXFileReference; fileEncoding = 4; lastKnownFileType = sourcecode.c.c; name = Engine.c; path = "../../fiscevm-c-native/src/main/vmcore/Engine.c"; sourceTree = "<group>"; };
		68DAD39C1A9265790053C05B /* VMContext.c */ = {isa = PBXFileReference; fileEncoding = 4; lastKnownFileType = sourcecode.c.c; name = VMContext.c; path = "../../fiscevm-c-native/src/main/vmcore/VMContext.c"; sourceTree = "<group>"; };
		68DAD39D1A9265790053C05B /* RIS.c */ = {isa = PBXFileReference; fileEncoding = 4; lastKnownFileType = sourcecode.c.c; name = RIS.c; path = "../../fiscevm-c-native/src/main/vmcore/RIS.c"; sourceTree = "<group>"; };
		68DAD39E1A9265790053C05B /* Preverifier.c */ = {isa = PBXFileReference; fileEncoding = 4; lastKnownFileType = sourcecode.c.c; name = Preverifier.c; path = "../../fiscevm-c-native/src/main/vmcore/Preverifier.c"; sourceTree = "<group>"; };
		68DAD39F1A9265790053C05B /* MathHandlers.c */ = {isa = PBXFileReference; fileEncoding = 4; lastKnownFileType = sourcecode.c.c; name = MathHandlers.c; path = "../../fiscevm-c-native/src/main/vmcore/MathHandlers.c"; sourceTree = "<group>"; };
		68DAD3A01A9265790053C05B /* Instructions.c */ = {isa = PBXFileReference; fileEncoding = 4; lastKnownFileType = sourcecode.c.c; name = Instructions.c; path = "../../fiscevm-c-native/src/main/vmcore/Instructions.c"; sourceTree = "<group>"; };
		68DAD3A21A9265790053C05B /* FiScE.c */ = {isa = PBXFileReference; fileEncoding = 4; lastKnownFileType = sourcecode.c.c; name = FiScE.c; path = "../../fiscevm-c-native/src/main/vmcore/FiScE.c"; sourceTree = "<group>"; };
		68DAD3A31A9265790053C05B /* FileInputStream.c */ = {isa = PBXFileReference; fileEncoding = 4; lastKnownFileType = sourcecode.c.c; name = FileInputStream.c; path = "../../fiscevm-c-native/src/main/vmcore/FileInputStream.c"; sourceTree = "<group>"; };
		68DAD3A41A9265790053C05B /* ExpDev.c */ = {isa = PBXFileReference; fileEncoding = 4; lastKnownFileType = sourcecode.c.c; name = ExpDev.c; path = "../../fiscevm-c-native/src/main/vmcore/ExpDev.c"; sourceTree = "<group>"; };
		68DAD3A51A9265790053C05B /* Data.c */ = {isa = PBXFileReference; fileEncoding = 4; lastKnownFileType = sourcecode.c.c; name = Data.c; path = "../../fiscevm-c-native/src/main/vmcore/Data.c"; sourceTree = "<group>"; };
		68DAD3A61A9265790053C05B /* CoreHandlers.c */ = {isa = PBXFileReference; fileEncoding = 4; lastKnownFileType = sourcecode.c.c; name = CoreHandlers.c; path = "../../fiscevm-c-native/src/main/vmcore/CoreHandlers.c"; sourceTree = "<group>"; };
		68DAD3A71A9265790053C05B /* ClassLoader.c */ = {isa = PBXFileReference; fileEncoding = 4; lastKnownFileType = sourcecode.c.c; name = ClassLoader.c; path = "../../fiscevm-c-native/src/main/vmcore/ClassLoader.c"; sourceTree = "<group>"; };
		68DAD3A81A9265790053C05B /* Class.c */ = {isa = PBXFileReference; fileEncoding = 4; lastKnownFileType = sourcecode.c.c; name = Class.c; path = "../../fiscevm-c-native/src/main/vmcore/Class.c"; sourceTree = "<group>"; };
		68DAD3A91A9265790053C05B /* BinarySaver.c */ = {isa = PBXFileReference; fileEncoding = 4; lastKnownFileType = sourcecode.c.c; name = BinarySaver.c; path = "../../fiscevm-c-native/src/main/vmcore/BinarySaver.c"; sourceTree = "<group>"; };
		68DAD3AA1A9265790053C05B /* BAIS.c */ = {isa = PBXFileReference; fileEncoding = 4; lastKnownFileType = sourcecode.c.c; name = BAIS.c; path = "../../fiscevm-c-native/src/main/vmcore/BAIS.c"; sourceTree = "<group>"; };
		68DAD3AB1A9265790053C05B /* DataLoader.c */ = {isa = PBXFileReference; fileEncoding = 4; lastKnownFileType = sourcecode.c.c; name = DataLoader.c; path = "../../fiscevm-c-native/src/main/vmcore/DataLoader.c"; sourceTree = "<group>"; };
		68DAD3AC1A9265790053C05B /* fisce-labels.i */ = {isa = PBXFileReference; explicitFileType = sourcecode.cpp.h; fileEncoding = 4; name = "fisce-labels.i"; path = "../../fiscevm-c-native/src/main/vmcore/fisce-labels.i"; sourceTree = "<group>"; };
		68DAD3AD1A9265790053C05B /* fisce-vm.i */ = {isa = PBXFileReference; explicitFileType = sourcecode.c.h; fileEncoding = 4; name = "fisce-vm.i"; path = "../../fiscevm-c-native/src/main/vmcore/fisce-vm.i"; sourceTree = "<group>"; };
		68DAD3C51A92658E0053C05B /* ArrList.c */ = {isa = PBXFileReference; fileEncoding = 4; lastKnownFileType = sourcecode.c.c; name = ArrList.c; path = "../../fiscevm-c-native/src/main/utils/ArrList.c"; sourceTree = "<group>"; };
		68DAD3C61A92658E0053C05B /* BitSet.c */ = {isa = PBXFileReference; fileEncoding = 4; lastKnownFileType = sourcecode.c.c; name = BitSet.c; path = "../../fiscevm-c-native/src/main/utils/BitSet.c"; sourceTree = "<group>"; };
		68DAD3C71A92658E0053C05B /* Debug.c */ = {isa = PBXFileReference; fileEncoding = 4; lastKnownFileType = sourcecode.c.c; name = Debug.c; path = "../../fiscevm-c-native/src/main/utils/Debug.c"; sourceTree = "<group>"; };
		68DAD3C81A92658E0053C05B /* HashMap.c */ = {isa = PBXFileReference; fileEncoding = 4; lastKnownFileType = sourcecode.c.c; name = HashMap.c; path = "../../fiscevm-c-native/src/main/utils/HashMap.c"; sourceTree = "<group>"; };
		68DAD3C91A92658E0053C05B /* HashMapI.c */ = {isa = PBXFileReference; fileEncoding = 4; lastKnownFileType = sourcecode.c.c; name = HashMapI.c; path = "../../fiscevm-c-native/src/main/utils/HashMapI.c"; sourceTree = "<group>"; };
		68DAD3CA1A92658E0053C05B /* LnkList.c */ = {isa = PBXFileReference; fileEncoding = 4; lastKnownFileType = sourcecode.c.c; name = LnkList.c; path = "../../fiscevm-c-native/src/main/utils/LnkList.c"; sourceTree = "<group>"; };
		68DAD3CB1A92658E0053C05B /* MemMan.c */ = {isa = PBXFileReference; fileEncoding = 4; lastKnownFileType = sourcecode.c.c; name = MemMan.c; path = "../../fiscevm-c-native/src/main/utils/MemMan.c"; sourceTree = "<group>"; };
		68DAD3CC1A92658E0053C05B /* Portable.c */ = {isa = PBXFileReference; fileEncoding = 4; lastKnownFileType = sourcecode.c.c; name = Portable.c; path = "../../fiscevm-c-native/src/main/utils/Portable.c"; sourceTree = "<group>"; };
		68DAD3CD1A92658E0053C05B /* String.c */ = {isa = PBXFileReference; fileEncoding = 4; lastKnownFileType = sourcecode.c.c; name = String.c; path = "../../fiscevm-c-native/src/main/utils/String.c"; sourceTree = "<group>"; };
		68DAD3CE1A92658E0053C05B /* Utf8.c */ = {isa = PBXFileReference; fileEncoding = 4; lastKnownFileType = sourcecode.c.c; name = Utf8.c; path = "../../fiscevm-c-native/src/main/utils/Utf8.c"; sourceTree = "<group>"; };
		68DAD3E01A92665C0053C05B /* include */ = {isa = PBXFileReference; lastKnownFileType = folder; name = include; path = "../fiscevm-c-native/src/main/include"; sourceTree = SOURCE_ROOT; };
		68DAD3E11A92665C0053C05B /* include-dev */ = {isa = PBXFileReference; lastKnownFileType = folder; name = "include-dev"; path = "../fiscevm-c-native/src/main/include-dev"; sourceTree = SOURCE_ROOT; };
		68DAD3E21A92665C0053C05B /* include-public */ = {isa = PBXFileReference; lastKnownFileType = folder; name = "include-public"; path = "../fiscevm-c-native/src/main/include-public"; sourceTree = SOURCE_ROOT; };
/* End PBXFileReference section */

/* Begin PBXFrameworksBuildPhase section */
		68121FF21A74C4EC00AF86E9 /* Frameworks */ = {
			isa = PBXFrameworksBuildPhase;
			buildActionMask = 2147483647;
			files = (
				68121FFB1A74C4ED00AF86E9 /* libFiScEVM.a in Frameworks */,
			);
			runOnlyForDeploymentPostprocessing = 0;
		};
		6873C23B1A033A66006C201B /* Frameworks */ = {
			isa = PBXFrameworksBuildPhase;
			buildActionMask = 2147483647;
			files = (
			);
			runOnlyForDeploymentPostprocessing = 0;
		};
/* End PBXFrameworksBuildPhase section */

/* Begin PBXGroup section */
		68121FF61A74C4EC00AF86E9 /* fiscevm-iosTests */ = {
			isa = PBXGroup;
			children = (
				681220031A74C54A00AF86E9 /* FiScEVMTest.m */,
				6873C4951A0F98DB006C201B /* classes */,
				68121FF71A74C4ED00AF86E9 /* Supporting Files */,
			);
			path = "fiscevm-iosTests";
			sourceTree = "<group>";
		};
		68121FF71A74C4ED00AF86E9 /* Supporting Files */ = {
			isa = PBXGroup;
			children = (
				68121FF81A74C4ED00AF86E9 /* Info.plist */,
			);
			name = "Supporting Files";
			sourceTree = "<group>";
		};
		6873C2351A033A66006C201B = {
			isa = PBXGroup;
			children = (
				6873C2401A033A66006C201B /* fiscevm-ios */,
				68121FF61A74C4EC00AF86E9 /* fiscevm-iosTests */,
				6873C23F1A033A66006C201B /* Products */,
			);
			sourceTree = "<group>";
		};
		6873C23F1A033A66006C201B /* Products */ = {
			isa = PBXGroup;
			children = (
				6873C23E1A033A66006C201B /* libFiScEVM.a */,
				68121FF51A74C4EC00AF86E9 /* fiscevm-iosTests.xctest */,
			);
			name = Products;
			sourceTree = "<group>";
		};
		6873C2401A033A66006C201B /* fiscevm-ios */ = {
			isa = PBXGroup;
			children = (
				68DAD3E01A92665C0053C05B /* include */,
				68DAD3E11A92665C0053C05B /* include-dev */,
				68DAD3E21A92665C0053C05B /* include-public */,
				68DAD3961A92654F0053C05B /* utils */,
				68DAD3951A92654A0053C05B /* vmcore */,
				6873C2411A033A66006C201B /* FiScEVM.h */,
				6873C2431A033A66006C201B /* FiScEVM.m */,
				680577121A145D660048D21F /* FiScERunner.h */,
				680577131A145D660048D21F /* FiScERunner.m */,
			);
			path = "fiscevm-ios";
			sourceTree = "<group>";
		};
		68DAD3951A92654A0053C05B /* vmcore */ = {
			isa = PBXGroup;
			children = (
				68DAD3971A9265790053C05B /* Debug.c */,
				68DAD3981A9265790053C05B /* Thread.c */,
				68DAD3991A9265790053C05B /* Heap.c */,
				68DAD39A1A9265790053C05B /* ThreadManager.c */,
				68DAD39B1A9265790053C05B /* Engine.c */,
				68DAD39C1A9265790053C05B /* VMContext.c */,
				68DAD39D1A9265790053C05B /* RIS.c */,
				68DAD39E1A9265790053C05B /* Preverifier.c */,
				68DAD39F1A9265790053C05B /* MathHandlers.c */,
				68DAD3A01A9265790053C05B /* Instructions.c */,
				68DAD3A21A9265790053C05B /* FiScE.c */,
				68DAD3A31A9265790053C05B /* FileInputStream.c */,
				68DAD3A41A9265790053C05B /* ExpDev.c */,
				68DAD3A51A9265790053C05B /* Data.c */,
				68DAD3A61A9265790053C05B /* CoreHandlers.c */,
				68DAD3A71A9265790053C05B /* ClassLoader.c */,
				68DAD3A81A9265790053C05B /* Class.c */,
				68DAD3A91A9265790053C05B /* BinarySaver.c */,
				68DAD3AA1A9265790053C05B /* BAIS.c */,
				68DAD3AB1A9265790053C05B /* DataLoader.c */,
				68DAD3AC1A9265790053C05B /* fisce-labels.i */,
				68DAD3AD1A9265790053C05B /* fisce-vm.i */,
			);
			name = vmcore;
			sourceTree = "<group>";
		};
		68DAD3961A92654F0053C05B /* utils */ = {
			isa = PBXGroup;
			children = (
				68DAD3C51A92658E0053C05B /* ArrList.c */,
				68DAD3C61A92658E0053C05B /* BitSet.c */,
				68DAD3C71A92658E0053C05B /* Debug.c */,
				68DAD3C81A92658E0053C05B /* HashMap.c */,
				68DAD3C91A92658E0053C05B /* HashMapI.c */,
				68DAD3CA1A92658E0053C05B /* LnkList.c */,
				68DAD3CB1A92658E0053C05B /* MemMan.c */,
				68DAD3CC1A92658E0053C05B /* Portable.c */,
				68DAD3CD1A92658E0053C05B /* String.c */,
				68DAD3CE1A92658E0053C05B /* Utf8.c */,
			);
			name = utils;
			sourceTree = "<group>";
		};
/* End PBXGroup section */

/* Begin PBXNativeTarget section */
		68121FF41A74C4EC00AF86E9 /* fiscevm-iosTests */ = {
			isa = PBXNativeTarget;
			buildConfigurationList = 68121FFE1A74C4ED00AF86E9 /* Build configuration list for PBXNativeTarget "fiscevm-iosTests" */;
			buildPhases = (
				68121FF11A74C4EC00AF86E9 /* Sources */,
				68121FF21A74C4EC00AF86E9 /* Frameworks */,
				68121FF31A74C4EC00AF86E9 /* Resources */,
			);
			buildRules = (
			);
			dependencies = (
				68121FFD1A74C4ED00AF86E9 /* PBXTargetDependency */,
			);
			name = "fiscevm-iosTests";
			productName = "fiscevm-iosTests";
			productReference = 68121FF51A74C4EC00AF86E9 /* fiscevm-iosTests.xctest */;
			productType = "com.apple.product-type.bundle.unit-test";
		};
		6873C23D1A033A66006C201B /* fiscevm-ios */ = {
			isa = PBXNativeTarget;
			buildConfigurationList = 6873C2521A033A66006C201B /* Build configuration list for PBXNativeTarget "fiscevm-ios" */;
			buildPhases = (
				6873C23A1A033A66006C201B /* Sources */,
				6873C23B1A033A66006C201B /* Frameworks */,
				6873C23C1A033A66006C201B /* Copy Files */,
			);
			buildRules = (
			);
			dependencies = (
			);
			name = "fiscevm-ios";
			productName = "fiscevm-ios";
			productReference = 6873C23E1A033A66006C201B /* libFiScEVM.a */;
			productType = "com.apple.product-type.library.static";
		};
/* End PBXNativeTarget section */

/* Begin PBXProject section */
		6873C2361A033A66006C201B /* Project object */ = {
			isa = PBXProject;
			attributes = {
				LastUpgradeCheck = 0610;
				ORGANIZATIONNAME = Cloudee;
				TargetAttributes = {
					68121FF41A74C4EC00AF86E9 = {
						CreatedOnToolsVersion = 6.1.1;
					};
					6873C23D1A033A66006C201B = {
						CreatedOnToolsVersion = 6.1;
					};
				};
			};
			buildConfigurationList = 6873C2391A033A66006C201B /* Build configuration list for PBXProject "fiscevm-ios" */;
			compatibilityVersion = "Xcode 3.2";
			developmentRegion = English;
			hasScannedForEncodings = 0;
			knownRegions = (
				en,
			);
			mainGroup = 6873C2351A033A66006C201B;
			productRefGroup = 6873C23F1A033A66006C201B /* Products */;
			projectDirPath = "";
			projectRoot = "";
			targets = (
				6873C23D1A033A66006C201B /* fiscevm-ios */,
				68121FF41A74C4EC00AF86E9 /* fiscevm-iosTests */,
			);
		};
/* End PBXProject section */

/* Begin PBXResourcesBuildPhase section */
		68121FF31A74C4EC00AF86E9 /* Resources */ = {
			isa = PBXResourcesBuildPhase;
			buildActionMask = 2147483647;
			files = (
			);
			runOnlyForDeploymentPostprocessing = 0;
		};
/* End PBXResourcesBuildPhase section */

/* Begin PBXSourcesBuildPhase section */
		68121FF11A74C4EC00AF86E9 /* Sources */ = {
			isa = PBXSourcesBuildPhase;
			buildActionMask = 2147483647;
			files = (
				681220041A74C54A00AF86E9 /* FiScEVMTest.m in Sources */,
			);
			runOnlyForDeploymentPostprocessing = 0;
		};
		6873C23A1A033A66006C201B /* Sources */ = {
			isa = PBXSourcesBuildPhase;
			buildActionMask = 2147483647;
			files = (
				68DAD3D01A92658E0053C05B /* BitSet.c in Sources */,
				6873C2441A033A66006C201B /* FiScEVM.m in Sources */,
				68DAD3C41A9265790053C05B /* fisce-vm.i in Sources */,
				68DAD3B41A9265790053C05B /* RIS.c in Sources */,
				68DAD3D71A92658E0053C05B /* String.c in Sources */,
				68DAD3B91A9265790053C05B /* FiScE.c in Sources */,
				68DAD3D21A92658E0053C05B /* HashMap.c in Sources */,
				68DAD3BB1A9265790053C05B /* ExpDev.c in Sources */,
				68DAD3B31A9265790053C05B /* VMContext.c in Sources */,
				68DAD3C21A9265790053C05B /* DataLoader.c in Sources */,
				68DAD3D31A92658E0053C05B /* HashMapI.c in Sources */,
				680577141A145D660048D21F /* FiScERunner.m in Sources */,
				68DAD3B11A9265790053C05B /* ThreadManager.c in Sources */,
				68DAD3BD1A9265790053C05B /* CoreHandlers.c in Sources */,
				68DAD3CF1A92658E0053C05B /* ArrList.c in Sources */,
				68DAD3AF1A9265790053C05B /* Thread.c in Sources */,
				68DAD3AE1A9265790053C05B /* Debug.c in Sources */,
				68DAD3B01A9265790053C05B /* Heap.c in Sources */,
				68DAD3C01A9265790053C05B /* BinarySaver.c in Sources */,
				68DAD3D11A92658E0053C05B /* Debug.c in Sources */,
				68DAD3B51A9265790053C05B /* Preverifier.c in Sources */,
				68DAD3D81A92658E0053C05B /* Utf8.c in Sources */,
				68DAD3B61A9265790053C05B /* MathHandlers.c in Sources */,
				68DAD3B71A9265790053C05B /* Instructions.c in Sources */,
				68DAD3BE1A9265790053C05B /* ClassLoader.c in Sources */,
				68DAD3D61A92658E0053C05B /* Portable.c in Sources */,
				68DAD3BC1A9265790053C05B /* Data.c in Sources */,
				68DAD3C31A9265790053C05B /* fisce-labels.i in Sources */,
				68DAD3D41A92658E0053C05B /* LnkList.c in Sources */,
				68DAD3BF1A9265790053C05B /* Class.c in Sources */,
				68DAD3D51A92658E0053C05B /* MemMan.c in Sources */,
				68DAD3BA1A9265790053C05B /* FileInputStream.c in Sources */,
				68DAD3C11A9265790053C05B /* BAIS.c in Sources */,
				68DAD3B21A9265790053C05B /* Engine.c in Sources */,
			);
			runOnlyForDeploymentPostprocessing = 0;
		};
/* End PBXSourcesBuildPhase section */

/* Begin PBXTargetDependency section */
		68121FFD1A74C4ED00AF86E9 /* PBXTargetDependency */ = {
			isa = PBXTargetDependency;
			target = 6873C23D1A033A66006C201B /* fiscevm-ios */;
			targetProxy = 68121FFC1A74C4ED00AF86E9 /* PBXContainerItemProxy */;
		};
/* End PBXTargetDependency section */

/* Begin XCBuildConfiguration section */
		68121FFF1A74C4ED00AF86E9 /* Debug */ = {
			isa = XCBuildConfiguration;
			buildSettings = {
				"CODE_SIGN_IDENTITY[sdk=iphoneos*]" = "iPhone Developer";
				FRAMEWORK_SEARCH_PATHS = (
					"$(SDKROOT)/Developer/Library/Frameworks",
					"$(inherited)",
				);
				GCC_PREPROCESSOR_DEFINITIONS = (
					"DEBUG=1",
					"$(inherited)",
				);
				INFOPLIST_FILE = "fiscevm-iosTests/Info.plist";
				IPHONEOS_DEPLOYMENT_TARGET = 8.1;
				LD_RUNPATH_SEARCH_PATHS = "$(inherited) @executable_path/Frameworks @loader_path/Frameworks";
				PRODUCT_NAME = "$(TARGET_NAME)";
				USER_HEADER_SEARCH_PATHS = "../fiscevm-c-native/src/main/include-dev ../fiscevm-c-native/src/main/include-public";
			};
			name = Debug;
		};
		681220001A74C4ED00AF86E9 /* Release */ = {
			isa = XCBuildConfiguration;
			buildSettings = {
				"CODE_SIGN_IDENTITY[sdk=iphoneos*]" = "iPhone Developer";
				FRAMEWORK_SEARCH_PATHS = (
					"$(SDKROOT)/Developer/Library/Frameworks",
					"$(inherited)",
				);
				INFOPLIST_FILE = "fiscevm-iosTests/Info.plist";
				IPHONEOS_DEPLOYMENT_TARGET = 8.1;
				LD_RUNPATH_SEARCH_PATHS = "$(inherited) @executable_path/Frameworks @loader_path/Frameworks";
				PRODUCT_NAME = "$(TARGET_NAME)";
				USER_HEADER_SEARCH_PATHS = "../fiscevm-c-native/src/main/include-dev ../fiscevm-c-native/src/main/include-public";
			};
			name = Release;
		};
		6873C2501A033A66006C201B /* Debug */ = {
			isa = XCBuildConfiguration;
			buildSettings = {
				ALWAYS_SEARCH_USER_PATHS = NO;
				CLANG_CXX_LANGUAGE_STANDARD = "gnu++0x";
				CLANG_CXX_LIBRARY = "libc++";
				CLANG_ENABLE_MODULES = YES;
				CLANG_ENABLE_OBJC_ARC = YES;
				CLANG_WARN_BOOL_CONVERSION = YES;
				CLANG_WARN_CONSTANT_CONVERSION = YES;
				CLANG_WARN_DIRECT_OBJC_ISA_USAGE = YES_ERROR;
				CLANG_WARN_EMPTY_BODY = YES;
				CLANG_WARN_ENUM_CONVERSION = YES;
				CLANG_WARN_INT_CONVERSION = YES;
				CLANG_WARN_OBJC_ROOT_CLASS = YES_ERROR;
				CLANG_WARN_UNREACHABLE_CODE = YES;
				CLANG_WARN__DUPLICATE_METHOD_MATCH = YES;
				COPY_PHASE_STRIP = NO;
				ENABLE_STRICT_OBJC_MSGSEND = YES;
				GCC_C_LANGUAGE_STANDARD = gnu99;
				GCC_DYNAMIC_NO_PIC = NO;
				GCC_OPTIMIZATION_LEVEL = 0;
				GCC_PREPROCESSOR_DEFINITIONS = (
					"DEBUG=1",
					"$(inherited)",
				);
				GCC_SYMBOLS_PRIVATE_EXTERN = NO;
				GCC_WARN_64_TO_32_BIT_CONVERSION = YES;
				GCC_WARN_ABOUT_RETURN_TYPE = YES_ERROR;
				GCC_WARN_UNDECLARED_SELECTOR = YES;
				GCC_WARN_UNINITIALIZED_AUTOS = YES_AGGRESSIVE;
				GCC_WARN_UNUSED_FUNCTION = YES;
				GCC_WARN_UNUSED_VARIABLE = YES;
				IPHONEOS_DEPLOYMENT_TARGET = 7.1;
				MTL_ENABLE_DEBUG_INFO = YES;
				ONLY_ACTIVE_ARCH = YES;
				SDKROOT = iphoneos;
				TARGETED_DEVICE_FAMILY = "1,2";
			};
			name = Debug;
		};
		6873C2511A033A66006C201B /* Release */ = {
			isa = XCBuildConfiguration;
			buildSettings = {
				ALWAYS_SEARCH_USER_PATHS = NO;
				CLANG_CXX_LANGUAGE_STANDARD = "gnu++0x";
				CLANG_CXX_LIBRARY = "libc++";
				CLANG_ENABLE_MODULES = YES;
				CLANG_ENABLE_OBJC_ARC = YES;
				CLANG_WARN_BOOL_CONVERSION = YES;
				CLANG_WARN_CONSTANT_CONVERSION = YES;
				CLANG_WARN_DIRECT_OBJC_ISA_USAGE = YES_ERROR;
				CLANG_WARN_EMPTY_BODY = YES;
				CLANG_WARN_ENUM_CONVERSION = YES;
				CLANG_WARN_INT_CONVERSION = YES;
				CLANG_WARN_OBJC_ROOT_CLASS = YES_ERROR;
				CLANG_WARN_UNREACHABLE_CODE = YES;
				CLANG_WARN__DUPLICATE_METHOD_MATCH = YES;
				COPY_PHASE_STRIP = YES;
				ENABLE_NS_ASSERTIONS = NO;
				ENABLE_STRICT_OBJC_MSGSEND = YES;
				GCC_C_LANGUAGE_STANDARD = gnu99;
				GCC_OPTIMIZATION_LEVEL = 3;
				GCC_WARN_64_TO_32_BIT_CONVERSION = YES;
				GCC_WARN_ABOUT_RETURN_TYPE = YES_ERROR;
				GCC_WARN_UNDECLARED_SELECTOR = YES;
				GCC_WARN_UNINITIALIZED_AUTOS = YES_AGGRESSIVE;
				GCC_WARN_UNUSED_FUNCTION = YES;
				GCC_WARN_UNUSED_VARIABLE = YES;
				IPHONEOS_DEPLOYMENT_TARGET = 7.1;
				MTL_ENABLE_DEBUG_INFO = NO;
				SDKROOT = iphoneos;
				TARGETED_DEVICE_FAMILY = "1,2";
				VALIDATE_PRODUCT = YES;
			};
			name = Release;
		};
		6873C2531A033A66006C201B /* Debug */ = {
			isa = XCBuildConfiguration;
			buildSettings = {
				GCC_OPTIMIZATION_LEVEL = 2;
				GCC_PREPROCESSOR_DEFINITIONS = (
					"THREADING_SCHEME=8",
					"REPL_MIN=5000",
					"FY_DISPATCH_MODE=2",
					"FY_ENGINE_COUNT=1",
				);
				GCC_THREADSAFE_STATICS = NO;
				OTHER_CFLAGS = "";
				OTHER_LDFLAGS = "-ObjC";
				PRODUCT_NAME = FiScEVM;
				SKIP_INSTALL = YES;
				USER_HEADER_SEARCH_PATHS = "../fiscevm-c-native/src/main/include-dev ../fiscevm-c-native/src/main/include-public";
			};
			name = Debug;
		};
		6873C2541A033A66006C201B /* Release */ = {
			isa = XCBuildConfiguration;
			buildSettings = {
				GCC_DYNAMIC_NO_PIC = YES;
				GCC_OPTIMIZATION_LEVEL = s;
				GCC_PREPROCESSOR_DEFINITIONS = (
					"THREADING_SCHEME=8",
					"REPL_MIN=5000",
					"FY_DISPATCH_MODE=2",
					"FY_ENGINE_COUNT=1",
				);
				GCC_THREADSAFE_STATICS = NO;
				LLVM_LTO = YES;
				OTHER_CFLAGS = "";
				OTHER_LDFLAGS = "-ObjC";
				PRODUCT_NAME = FiScEVM;
				SKIP_INSTALL = YES;
				USER_HEADER_SEARCH_PATHS = "../fiscevm-c-native/src/main/include-dev ../fiscevm-c-native/src/main/include-public";
			};
			name = Release;
		};
/* End XCBuildConfiguration section */

/* Begin XCConfigurationList section */
		68121FFE1A74C4ED00AF86E9 /* Build configuration list for PBXNativeTarget "fiscevm-iosTests" */ = {
			isa = XCConfigurationList;
			buildConfigurations = (
				68121FFF1A74C4ED00AF86E9 /* Debug */,
				681220001A74C4ED00AF86E9 /* Release */,
			);
			defaultConfigurationIsVisible = 0;
			defaultConfigurationName = Release;
		};
		6873C2391A033A66006C201B /* Build configuration list for PBXProject "fiscevm-ios" */ = {
			isa = XCConfigurationList;
			buildConfigurations = (
				6873C2501A033A66006C201B /* Debug */,
				6873C2511A033A66006C201B /* Release */,
			);
			defaultConfigurationIsVisible = 0;
			defaultConfigurationName = Release;
		};
		6873C2521A033A66006C201B /* Build configuration list for PBXNativeTarget "fiscevm-ios" */ = {
			isa = XCConfigurationList;
			buildConfigurations = (
				6873C2531A033A66006C201B /* Debug */,
				6873C2541A033A66006C201B /* Release */,
			);
			defaultConfigurationIsVisible = 0;
			defaultConfigurationName = Release;
		};
/* End XCConfigurationList section */
	};
	rootObject = 6873C2361A033A66006C201B /* Project object */;
}
