// !$*UTF8*$!
{
	archiveVersion = 1;
	classes = {
	};
	objectVersion = 46;
	objects = {

/* Begin PBXBuildFile section */
		6873C3991A09EAC6006C201B /* AppDelegate.swift in Sources */ = {isa = PBXBuildFile; fileRef = 6873C3981A09EAC6006C201B /* AppDelegate.swift */; };
		6873C39B1A09EAC6006C201B /* ViewController.swift in Sources */ = {isa = PBXBuildFile; fileRef = 6873C39A1A09EAC6006C201B /* ViewController.swift */; };
		6873C39E1A09EAC6006C201B /* Main.storyboard in Resources */ = {isa = PBXBuildFile; fileRef = 6873C39C1A09EAC6006C201B /* Main.storyboard */; };
		6873C3A01A09EAC6006C201B /* Images.xcassets in Resources */ = {isa = PBXBuildFile; fileRef = 6873C39F1A09EAC6006C201B /* Images.xcassets */; };
		6873C3A31A09EAC6006C201B /* LaunchScreen.xib in Resources */ = {isa = PBXBuildFile; fileRef = 6873C3A11A09EAC6006C201B /* LaunchScreen.xib */; };
		6873C3AF1A09EAC7006C201B /* FisceProfileTests.swift in Sources */ = {isa = PBXBuildFile; fileRef = 6873C3AE1A09EAC7006C201B /* FisceProfileTests.swift */; };
/* End PBXBuildFile section */

/* Begin PBXContainerItemProxy section */
		6873C3A91A09EAC7006C201B /* PBXContainerItemProxy */ = {
			isa = PBXContainerItemProxy;
			containerPortal = 6873C38B1A09EAC6006C201B /* Project object */;
			proxyType = 1;
			remoteGlobalIDString = 6873C3921A09EAC6006C201B;
			remoteInfo = FisceProfile;
		};
/* End PBXContainerItemProxy section */

/* Begin PBXFileReference section */
		6873C3931A09EAC6006C201B /* FisceProfile.app */ = {isa = PBXFileReference; explicitFileType = wrapper.application; includeInIndex = 0; path = FisceProfile.app; sourceTree = BUILT_PRODUCTS_DIR; };
		6873C3971A09EAC6006C201B /* Info.plist */ = {isa = PBXFileReference; lastKnownFileType = text.plist.xml; path = Info.plist; sourceTree = "<group>"; };
		6873C3981A09EAC6006C201B /* AppDelegate.swift */ = {isa = PBXFileReference; lastKnownFileType = sourcecode.swift; path = AppDelegate.swift; sourceTree = "<group>"; };
		6873C39A1A09EAC6006C201B /* ViewController.swift */ = {isa = PBXFileReference; lastKnownFileType = sourcecode.swift; path = ViewController.swift; sourceTree = "<group>"; };
		6873C39D1A09EAC6006C201B /* Base */ = {isa = PBXFileReference; lastKnownFileType = file.storyboard; name = Base; path = Base.lproj/Main.storyboard; sourceTree = "<group>"; };
		6873C39F1A09EAC6006C201B /* Images.xcassets */ = {isa = PBXFileReference; lastKnownFileType = folder.assetcatalog; path = Images.xcassets; sourceTree = "<group>"; };
		6873C3A21A09EAC6006C201B /* Base */ = {isa = PBXFileReference; lastKnownFileType = file.xib; name = Base; path = Base.lproj/LaunchScreen.xib; sourceTree = "<group>"; };
		6873C3A81A09EAC7006C201B /* FisceProfileTests.xctest */ = {isa = PBXFileReference; explicitFileType = wrapper.cfbundle; includeInIndex = 0; path = FisceProfileTests.xctest; sourceTree = BUILT_PRODUCTS_DIR; };
		6873C3AD1A09EAC7006C201B /* Info.plist */ = {isa = PBXFileReference; lastKnownFileType = text.plist.xml; path = Info.plist; sourceTree = "<group>"; };
		6873C3AE1A09EAC7006C201B /* FisceProfileTests.swift */ = {isa = PBXFileReference; lastKnownFileType = sourcecode.swift; path = FisceProfileTests.swift; sourceTree = "<group>"; };
/* End PBXFileReference section */

/* Begin PBXFrameworksBuildPhase section */
		6873C3901A09EAC6006C201B /* Frameworks */ = {
			isa = PBXFrameworksBuildPhase;
			buildActionMask = 2147483647;
			files = (
			);
			runOnlyForDeploymentPostprocessing = 0;
		};
		6873C3A51A09EAC7006C201B /* Frameworks */ = {
			isa = PBXFrameworksBuildPhase;
			buildActionMask = 2147483647;
			files = (
			);
			runOnlyForDeploymentPostprocessing = 0;
		};
/* End PBXFrameworksBuildPhase section */

/* Begin PBXGroup section */
		6873C38A1A09EAC6006C201B = {
			isa = PBXGroup;
			children = (
				6873C3951A09EAC6006C201B /* FisceProfile */,
				6873C3AB1A09EAC7006C201B /* FisceProfileTests */,
				6873C3941A09EAC6006C201B /* Products */,
			);
			sourceTree = "<group>";
		};
		6873C3941A09EAC6006C201B /* Products */ = {
			isa = PBXGroup;
			children = (
				6873C3931A09EAC6006C201B /* FisceProfile.app */,
				6873C3A81A09EAC7006C201B /* FisceProfileTests.xctest */,
			);
			name = Products;
			sourceTree = "<group>";
		};
		6873C3951A09EAC6006C201B /* FisceProfile */ = {
			isa = PBXGroup;
			children = (
				6873C3981A09EAC6006C201B /* AppDelegate.swift */,
				6873C39A1A09EAC6006C201B /* ViewController.swift */,
				6873C39C1A09EAC6006C201B /* Main.storyboard */,
				6873C39F1A09EAC6006C201B /* Images.xcassets */,
				6873C3A11A09EAC6006C201B /* LaunchScreen.xib */,
				6873C3961A09EAC6006C201B /* Supporting Files */,
			);
			path = FisceProfile;
			sourceTree = "<group>";
		};
		6873C3961A09EAC6006C201B /* Supporting Files */ = {
			isa = PBXGroup;
			children = (
				6873C3971A09EAC6006C201B /* Info.plist */,
			);
			name = "Supporting Files";
			sourceTree = "<group>";
		};
		6873C3AB1A09EAC7006C201B /* FisceProfileTests */ = {
			isa = PBXGroup;
			children = (
				6873C3AE1A09EAC7006C201B /* FisceProfileTests.swift */,
				6873C3AC1A09EAC7006C201B /* Supporting Files */,
			);
			path = FisceProfileTests;
			sourceTree = "<group>";
		};
		6873C3AC1A09EAC7006C201B /* Supporting Files */ = {
			isa = PBXGroup;
			children = (
				6873C3AD1A09EAC7006C201B /* Info.plist */,
			);
			name = "Supporting Files";
			sourceTree = "<group>";
		};
/* End PBXGroup section */

/* Begin PBXNativeTarget section */
		6873C3921A09EAC6006C201B /* FisceProfile */ = {
			isa = PBXNativeTarget;
			buildConfigurationList = 6873C3B21A09EAC7006C201B /* Build configuration list for PBXNativeTarget "FisceProfile" */;
			buildPhases = (
				6873C38F1A09EAC6006C201B /* Sources */,
				6873C3901A09EAC6006C201B /* Frameworks */,
				6873C3911A09EAC6006C201B /* Resources */,
			);
			buildRules = (
			);
			dependencies = (
			);
			name = FisceProfile;
			productName = FisceProfile;
			productReference = 6873C3931A09EAC6006C201B /* FisceProfile.app */;
			productType = "com.apple.product-type.application";
		};
		6873C3A71A09EAC7006C201B /* FisceProfileTests */ = {
			isa = PBXNativeTarget;
			buildConfigurationList = 6873C3B51A09EAC7006C201B /* Build configuration list for PBXNativeTarget "FisceProfileTests" */;
			buildPhases = (
				6873C3A41A09EAC7006C201B /* Sources */,
				6873C3A51A09EAC7006C201B /* Frameworks */,
				6873C3A61A09EAC7006C201B /* Resources */,
			);
			buildRules = (
			);
			dependencies = (
				6873C3AA1A09EAC7006C201B /* PBXTargetDependency */,
			);
			name = FisceProfileTests;
			productName = FisceProfileTests;
			productReference = 6873C3A81A09EAC7006C201B /* FisceProfileTests.xctest */;
			productType = "com.apple.product-type.bundle.unit-test";
		};
/* End PBXNativeTarget section */

/* Begin PBXProject section */
		6873C38B1A09EAC6006C201B /* Project object */ = {
			isa = PBXProject;
			attributes = {
				LastUpgradeCheck = 0610;
				ORGANIZATIONNAME = Cirnoworks;
				TargetAttributes = {
					6873C3921A09EAC6006C201B = {
						CreatedOnToolsVersion = 6.1;
					};
					6873C3A71A09EAC7006C201B = {
						CreatedOnToolsVersion = 6.1;
						TestTargetID = 6873C3921A09EAC6006C201B;
					};
				};
			};
			buildConfigurationList = 6873C38E1A09EAC6006C201B /* Build configuration list for PBXProject "FisceProfile" */;
			compatibilityVersion = "Xcode 3.2";
			developmentRegion = English;
			hasScannedForEncodings = 0;
			knownRegions = (
				en,
				Base,
			);
			mainGroup = 6873C38A1A09EAC6006C201B;
			productRefGroup = 6873C3941A09EAC6006C201B /* Products */;
			projectDirPath = "";
			projectRoot = "";
			targets = (
				6873C3921A09EAC6006C201B /* FisceProfile */,
				6873C3A71A09EAC7006C201B /* FisceProfileTests */,
			);
		};
/* End PBXProject section */

/* Begin PBXResourcesBuildPhase section */
		6873C3911A09EAC6006C201B /* Resources */ = {
			isa = PBXResourcesBuildPhase;
			buildActionMask = 2147483647;
			files = (
				6873C39E1A09EAC6006C201B /* Main.storyboard in Resources */,
				6873C3A31A09EAC6006C201B /* LaunchScreen.xib in Resources */,
				6873C3A01A09EAC6006C201B /* Images.xcassets in Resources */,
			);
			runOnlyForDeploymentPostprocessing = 0;
		};
		6873C3A61A09EAC7006C201B /* Resources */ = {
			isa = PBXResourcesBuildPhase;
			buildActionMask = 2147483647;
			files = (
			);
			runOnlyForDeploymentPostprocessing = 0;
		};
/* End PBXResourcesBuildPhase section */

/* Begin PBXSourcesBuildPhase section */
		6873C38F1A09EAC6006C201B /* Sources */ = {
			isa = PBXSourcesBuildPhase;
			buildActionMask = 2147483647;
			files = (
				6873C39B1A09EAC6006C201B /* ViewController.swift in Sources */,
				6873C3991A09EAC6006C201B /* AppDelegate.swift in Sources */,
			);
			runOnlyForDeploymentPostprocessing = 0;
		};
		6873C3A41A09EAC7006C201B /* Sources */ = {
			isa = PBXSourcesBuildPhase;
			buildActionMask = 2147483647;
			files = (
				6873C3AF1A09EAC7006C201B /* FisceProfileTests.swift in Sources */,
			);
			runOnlyForDeploymentPostprocessing = 0;
		};
/* End PBXSourcesBuildPhase section */

/* Begin PBXTargetDependency section */
		6873C3AA1A09EAC7006C201B /* PBXTargetDependency */ = {
			isa = PBXTargetDependency;
			target = 6873C3921A09EAC6006C201B /* FisceProfile */;
			targetProxy = 6873C3A91A09EAC7006C201B /* PBXContainerItemProxy */;
		};
/* End PBXTargetDependency section */

/* Begin PBXVariantGroup section */
		6873C39C1A09EAC6006C201B /* Main.storyboard */ = {
			isa = PBXVariantGroup;
			children = (
				6873C39D1A09EAC6006C201B /* Base */,
			);
			name = Main.storyboard;
			sourceTree = "<group>";
		};
		6873C3A11A09EAC6006C201B /* LaunchScreen.xib */ = {
			isa = PBXVariantGroup;
			children = (
				6873C3A21A09EAC6006C201B /* Base */,
			);
			name = LaunchScreen.xib;
			sourceTree = "<group>";
		};
/* End PBXVariantGroup section */

/* Begin XCBuildConfiguration section */
		6873C3B01A09EAC7006C201B /* Debug */ = {
			isa = XCBuildConfiguration;
			buildSettings = {
				ALWAYS_SEARCH_USER_PATHS = NO;
				CLANG_CXX_LANGUAGE_STANDARD = "gnu++0x";
				CLANG_CXX_LIBRARY = "libc++";
				CLANG_ENABLE_MODULES = YES;
				CLANG_ENABLE_OBJC_ARC = YES;
				CLANG_WARN_BOOL_CONVERSION = YES;
				CLANG_WARN_CONSTANT_CONVERSION = YES;
				CLANG_WARN_DIRECT_OBJC_ISA_USAGE = YES_ERROR;
				CLANG_WARN_EMPTY_BODY = YES;
				CLANG_WARN_ENUM_CONVERSION = YES;
				CLANG_WARN_INT_CONVERSION = YES;
				CLANG_WARN_OBJC_ROOT_CLASS = YES_ERROR;
				CLANG_WARN_UNREACHABLE_CODE = YES;
				CLANG_WARN__DUPLICATE_METHOD_MATCH = YES;
				"CODE_SIGN_IDENTITY[sdk=iphoneos*]" = "iPhone Developer";
				COPY_PHASE_STRIP = NO;
				ENABLE_STRICT_OBJC_MSGSEND = YES;
				GCC_C_LANGUAGE_STANDARD = gnu99;
				GCC_DYNAMIC_NO_PIC = NO;
				GCC_OPTIMIZATION_LEVEL = 0;
				GCC_PREPROCESSOR_DEFINITIONS = (
					"DEBUG=1",
					"$(inherited)",
				);
				GCC_SYMBOLS_PRIVATE_EXTERN = NO;
				GCC_WARN_64_TO_32_BIT_CONVERSION = YES;
				GCC_WARN_ABOUT_RETURN_TYPE = YES_ERROR;
				GCC_WARN_UNDECLARED_SELECTOR = YES;
				GCC_WARN_UNINITIALIZED_AUTOS = YES_AGGRESSIVE;
				GCC_WARN_UNUSED_FUNCTION = YES;
				GCC_WARN_UNUSED_VARIABLE = YES;
				IPHONEOS_DEPLOYMENT_TARGET = 8.1;
				MTL_ENABLE_DEBUG_INFO = YES;
				ONLY_ACTIVE_ARCH = YES;
				SDKROOT = iphoneos;
				SWIFT_OPTIMIZATION_LEVEL = "-Onone";
				TARGETED_DEVICE_FAMILY = "1,2";
			};
			name = Debug;
		};
		6873C3B11A09EAC7006C201B /* Release */ = {
			isa = XCBuildConfiguration;
			buildSettings = {
				ALWAYS_SEARCH_USER_PATHS = NO;
				CLANG_CXX_LANGUAGE_STANDARD = "gnu++0x";
				CLANG_CXX_LIBRARY = "libc++";
				CLANG_ENABLE_MODULES = YES;
				CLANG_ENABLE_OBJC_ARC = YES;
				CLANG_WARN_BOOL_CONVERSION = YES;
				CLANG_WARN_CONSTANT_CONVERSION = YES;
				CLANG_WARN_DIRECT_OBJC_ISA_USAGE = YES_ERROR;
				CLANG_WARN_EMPTY_BODY = YES;
				CLANG_WARN_ENUM_CONVERSION = YES;
				CLANG_WARN_INT_CONVERSION = YES;
				CLANG_WARN_OBJC_ROOT_CLASS = YES_ERROR;
				CLANG_WARN_UNREACHABLE_CODE = YES;
				CLANG_WARN__DUPLICATE_METHOD_MATCH = YES;
				"CODE_SIGN_IDENTITY[sdk=iphoneos*]" = "iPhone Developer";
				COPY_PHASE_STRIP = YES;
				ENABLE_NS_ASSERTIONS = NO;
				ENABLE_STRICT_OBJC_MSGSEND = YES;
				GCC_C_LANGUAGE_STANDARD = gnu99;
				GCC_WARN_64_TO_32_BIT_CONVERSION = YES;
				GCC_WARN_ABOUT_RETURN_TYPE = YES_ERROR;
				GCC_WARN_UNDECLARED_SELECTOR = YES;
				GCC_WARN_UNINITIALIZED_AUTOS = YES_AGGRESSIVE;
				GCC_WARN_UNUSED_FUNCTION = YES;
				GCC_WARN_UNUSED_VARIABLE = YES;
				IPHONEOS_DEPLOYMENT_TARGET = 8.1;
				MTL_ENABLE_DEBUG_INFO = NO;
				SDKROOT = iphoneos;
				TARGETED_DEVICE_FAMILY = "1,2";
				VALIDATE_PRODUCT = YES;
			};
			name = Release;
		};
		6873C3B31A09EAC7006C201B /* Debug */ = {
			isa = XCBuildConfiguration;
			buildSettings = {
				ASSETCATALOG_COMPILER_APPICON_NAME = AppIcon;
				INFOPLIST_FILE = FisceProfile/Info.plist;
				LD_RUNPATH_SEARCH_PATHS = "$(inherited) @executable_path/Frameworks";
				PRODUCT_NAME = "$(TARGET_NAME)";
			};
			name = Debug;
		};
		6873C3B41A09EAC7006C201B /* Release */ = {
			isa = XCBuildConfiguration;
			buildSettings = {
				ASSETCATALOG_COMPILER_APPICON_NAME = AppIcon;
				INFOPLIST_FILE = FisceProfile/Info.plist;
				LD_RUNPATH_SEARCH_PATHS = "$(inherited) @executable_path/Frameworks";
				PRODUCT_NAME = "$(TARGET_NAME)";
			};
			name = Release;
		};
		6873C3B61A09EAC7006C201B /* Debug */ = {
			isa = XCBuildConfiguration;
			buildSettings = {
				BUNDLE_LOADER = "$(TEST_HOST)";
				FRAMEWORK_SEARCH_PATHS = (
					"$(SDKROOT)/Developer/Library/Frameworks",
					"$(inherited)",
				);
				GCC_PREPROCESSOR_DEFINITIONS = (
					"DEBUG=1",
					"$(inherited)",
				);
				INFOPLIST_FILE = FisceProfileTests/Info.plist;
				LD_RUNPATH_SEARCH_PATHS = "$(inherited) @executable_path/Frameworks @loader_path/Frameworks";
				PRODUCT_NAME = "$(TARGET_NAME)";
				TEST_HOST = "$(BUILT_PRODUCTS_DIR)/FisceProfile.app/FisceProfile";
			};
			name = Debug;
		};
		6873C3B71A09EAC7006C201B /* Release */ = {
			isa = XCBuildConfiguration;
			buildSettings = {
				BUNDLE_LOADER = "$(TEST_HOST)";
				FRAMEWORK_SEARCH_PATHS = (
					"$(SDKROOT)/Developer/Library/Frameworks",
					"$(inherited)",
				);
				INFOPLIST_FILE = FisceProfileTests/Info.plist;
				LD_RUNPATH_SEARCH_PATHS = "$(inherited) @executable_path/Frameworks @loader_path/Frameworks";
				PRODUCT_NAME = "$(TARGET_NAME)";
				TEST_HOST = "$(BUILT_PRODUCTS_DIR)/FisceProfile.app/FisceProfile";
			};
			name = Release;
		};
/* End XCBuildConfiguration section */

/* Begin XCConfigurationList section */
		6873C38E1A09EAC6006C201B /* Build configuration list for PBXProject "FisceProfile" */ = {
			isa = XCConfigurationList;
			buildConfigurations = (
				6873C3B01A09EAC7006C201B /* Debug */,
				6873C3B11A09EAC7006C201B /* Release */,
			);
			defaultConfigurationIsVisible = 0;
			defaultConfigurationName = Release;
		};
		6873C3B21A09EAC7006C201B /* Build configuration list for PBXNativeTarget "FisceProfile" */ = {
			isa = XCConfigurationList;
			buildConfigurations = (
				6873C3B31A09EAC7006C201B /* Debug */,
				6873C3B41A09EAC7006C201B /* Release */,
			);
			defaultConfigurationIsVisible = 0;
		};
		6873C3B51A09EAC7006C201B /* Build configuration list for PBXNativeTarget "FisceProfileTests" */ = {
			isa = XCConfigurationList;
			buildConfigurations = (
				6873C3B61A09EAC7006C201B /* Debug */,
				6873C3B71A09EAC7006C201B /* Release */,
			);
			defaultConfigurationIsVisible = 0;
		};
/* End XCConfigurationList section */
	};
	rootObject = 6873C38B1A09EAC6006C201B /* Project object */;
}
