// !$*UTF8*$!
{
	archiveVersion = 1;
	classes = {
	};
	objectVersion = 46;
	objects = {

/* Begin PBXBuildFile section */
		68BCDC841A6EAE330065EC5A /* main.m in Sources */ = {isa = PBXBuildFile; fileRef = 68BCDC831A6EAE330065EC5A /* main.m */; };
		68BCDC871A6EAE330065EC5A /* AppDelegate.m in Sources */ = {isa = PBXBuildFile; fileRef = 68BCDC861A6EAE330065EC5A /* AppDelegate.m */; };
		68BCDC8A1A6EAE330065EC5A /* ViewController.m in Sources */ = {isa = PBXBuildFile; fileRef = 68BCDC891A6EAE330065EC5A /* ViewController.m */; };
		68BCDC8D1A6EAE330065EC5A /* Main.storyboard in Resources */ = {isa = PBXBuildFile; fileRef = 68BCDC8B1A6EAE330065EC5A /* Main.storyboard */; };
		68BCDC8F1A6EAE330065EC5A /* Images.xcassets in Resources */ = {isa = PBXBuildFile; fileRef = 68BCDC8E1A6EAE330065EC5A /* Images.xcassets */; };
		68BCDC921A6EAE330065EC5A /* LaunchScreen.xib in Resources */ = {isa = PBXBuildFile; fileRef = 68BCDC901A6EAE330065EC5A /* LaunchScreen.xib */; };
		68BCDC9E1A6EAE340065EC5A /* fiscevm_ios_runnerTests.m in Sources */ = {isa = PBXBuildFile; fileRef = 68BCDC9D1A6EAE340065EC5A /* fiscevm_ios_runnerTests.m */; };
		68BCDCAF1A6EB2040065EC5A /* classes in Resources */ = {isa = PBXBuildFile; fileRef = 68BCDCAE1A6EB2040065EC5A /* classes */; };
		68D981CA1ACC5A4D00DE30B7 /* libFiScEVM.a in Frameworks */ = {isa = PBXBuildFile; fileRef = 68D981C71ACC5A3000DE30B7 /* libFiScEVM.a */; };
/* End PBXBuildFile section */

/* Begin PBXContainerItemProxy section */
		68BCDC981A6EAE340065EC5A /* PBXContainerItemProxy */ = {
			isa = PBXContainerItemProxy;
			containerPortal = 68BCDC761A6EAE330065EC5A /* Project object */;
			proxyType = 1;
			remoteGlobalIDString = 68BCDC7D1A6EAE330065EC5A;
			remoteInfo = "fiscevm-ios-runner";
		};
		68D981C21ACC5A3000DE30B7 /* PBXContainerItemProxy */ = {
			isa = PBXContainerItemProxy;
			containerPortal = 68D981BB1ACC5A3000DE30B7 /* libfisce.xcodeproj */;
			proxyType = 2;
			remoteGlobalIDString = 68992C361AC5506F001111E6;
			remoteInfo = fisce;
		};
		68D981C41ACC5A3000DE30B7 /* PBXContainerItemProxy */ = {
			isa = PBXContainerItemProxy;
			containerPortal = 68D981BB1ACC5A3000DE30B7 /* libfisce.xcodeproj */;
			proxyType = 2;
			remoteGlobalIDString = 68E08D131AC7F0B2001B69DB;
			remoteInfo = fiscej;
		};
		68D981C61ACC5A3000DE30B7 /* PBXContainerItemProxy */ = {
			isa = PBXContainerItemProxy;
			containerPortal = 68D981BB1ACC5A3000DE30B7 /* libfisce.xcodeproj */;
			proxyType = 2;
			remoteGlobalIDString = 68E08CA01AC7E18B001B69DB;
			remoteInfo = ifisce;
		};
		68D981C81ACC5A3000DE30B7 /* PBXContainerItemProxy */ = {
			isa = PBXContainerItemProxy;
			containerPortal = 68D981BB1ACC5A3000DE30B7 /* libfisce.xcodeproj */;
			proxyType = 2;
			remoteGlobalIDString = 68E08CAA1AC7E18B001B69DB;
			remoteInfo = ifisceTests;
		};
/* End PBXContainerItemProxy section */

/* Begin PBXFileReference section */
		68BCDC7E1A6EAE330065EC5A /* fiscevm-ios-runner.app */ = {isa = PBXFileReference; explicitFileType = wrapper.application; includeInIndex = 0; path = "fiscevm-ios-runner.app"; sourceTree = BUILT_PRODUCTS_DIR; };
		68BCDC821A6EAE330065EC5A /* Info.plist */ = {isa = PBXFileReference; lastKnownFileType = text.plist.xml; path = Info.plist; sourceTree = "<group>"; };
		68BCDC831A6EAE330065EC5A /* main.m */ = {isa = PBXFileReference; lastKnownFileType = sourcecode.c.objc; path = main.m; sourceTree = "<group>"; };
		68BCDC851A6EAE330065EC5A /* AppDelegate.h */ = {isa = PBXFileReference; lastKnownFileType = sourcecode.c.h; path = AppDelegate.h; sourceTree = "<group>"; };
		68BCDC861A6EAE330065EC5A /* AppDelegate.m */ = {isa = PBXFileReference; lastKnownFileType = sourcecode.c.objc; path = AppDelegate.m; sourceTree = "<group>"; };
		68BCDC881A6EAE330065EC5A /* ViewController.h */ = {isa = PBXFileReference; lastKnownFileType = sourcecode.c.h; path = ViewController.h; sourceTree = "<group>"; };
		68BCDC891A6EAE330065EC5A /* ViewController.m */ = {isa = PBXFileReference; lastKnownFileType = sourcecode.c.objc; path = ViewController.m; sourceTree = "<group>"; };
		68BCDC8C1A6EAE330065EC5A /* Base */ = {isa = PBXFileReference; lastKnownFileType = file.storyboard; name = Base; path = Base.lproj/Main.storyboard; sourceTree = "<group>"; };
		68BCDC8E1A6EAE330065EC5A /* Images.xcassets */ = {isa = PBXFileReference; lastKnownFileType = folder.assetcatalog; path = Images.xcassets; sourceTree = "<group>"; };
		68BCDC911A6EAE330065EC5A /* Base */ = {isa = PBXFileReference; lastKnownFileType = file.xib; name = Base; path = Base.lproj/LaunchScreen.xib; sourceTree = "<group>"; };
		68BCDC971A6EAE340065EC5A /* fiscevm-ios-runnerTests.xctest */ = {isa = PBXFileReference; explicitFileType = wrapper.cfbundle; includeInIndex = 0; path = "fiscevm-ios-runnerTests.xctest"; sourceTree = BUILT_PRODUCTS_DIR; };
		68BCDC9C1A6EAE340065EC5A /* Info.plist */ = {isa = PBXFileReference; lastKnownFileType = text.plist.xml; path = Info.plist; sourceTree = "<group>"; };
		68BCDC9D1A6EAE340065EC5A /* fiscevm_ios_runnerTests.m */ = {isa = PBXFileReference; lastKnownFileType = sourcecode.c.objc; path = fiscevm_ios_runnerTests.m; sourceTree = "<group>"; };
		68BCDCAE1A6EB2040065EC5A /* classes */ = {isa = PBXFileReference; lastKnownFileType = folder; name = classes; path = "../fiscevm-runtime/target/classes"; sourceTree = "<group>"; };
		68D981BB1ACC5A3000DE30B7 /* libfisce.xcodeproj */ = {isa = PBXFileReference; lastKnownFileType = "wrapper.pb-project"; name = libfisce.xcodeproj; path = "../../fiscevm-c-native/libfisce.xcodeproj"; sourceTree = "<group>"; };
/* End PBXFileReference section */

/* Begin PBXFrameworksBuildPhase section */
		68BCDC7B1A6EAE330065EC5A /* Frameworks */ = {
			isa = PBXFrameworksBuildPhase;
			buildActionMask = 2147483647;
			files = (
				68D981CA1ACC5A4D00DE30B7 /* libFiScEVM.a in Frameworks */,
			);
			runOnlyForDeploymentPostprocessing = 0;
		};
		68BCDC941A6EAE340065EC5A /* Frameworks */ = {
			isa = PBXFrameworksBuildPhase;
			buildActionMask = 2147483647;
			files = (
			);
			runOnlyForDeploymentPostprocessing = 0;
		};
/* End PBXFrameworksBuildPhase section */

/* Begin PBXGroup section */
		68BCDC751A6EAE330065EC5A = {
			isa = PBXGroup;
			children = (
				68BCDCAE1A6EB2040065EC5A /* classes */,
				68BCDC801A6EAE330065EC5A /* fiscevm-ios-runner */,
				68BCDC9A1A6EAE340065EC5A /* fiscevm-ios-runnerTests */,
				68BCDC7F1A6EAE330065EC5A /* Products */,
			);
			sourceTree = "<group>";
		};
		68BCDC7F1A6EAE330065EC5A /* Products */ = {
			isa = PBXGroup;
			children = (
				68BCDC7E1A6EAE330065EC5A /* fiscevm-ios-runner.app */,
				68BCDC971A6EAE340065EC5A /* fiscevm-ios-runnerTests.xctest */,
			);
			name = Products;
			sourceTree = "<group>";
		};
		68BCDC801A6EAE330065EC5A /* fiscevm-ios-runner */ = {
			isa = PBXGroup;
			children = (
				68D981BB1ACC5A3000DE30B7 /* libfisce.xcodeproj */,
				68BCDC851A6EAE330065EC5A /* AppDelegate.h */,
				68BCDC861A6EAE330065EC5A /* AppDelegate.m */,
				68BCDC881A6EAE330065EC5A /* ViewController.h */,
				68BCDC891A6EAE330065EC5A /* ViewController.m */,
				68BCDC8B1A6EAE330065EC5A /* Main.storyboard */,
				68BCDC8E1A6EAE330065EC5A /* Images.xcassets */,
				68BCDC901A6EAE330065EC5A /* LaunchScreen.xib */,
				68BCDC811A6EAE330065EC5A /* Supporting Files */,
			);
			path = "fiscevm-ios-runner";
			sourceTree = "<group>";
		};
		68BCDC811A6EAE330065EC5A /* Supporting Files */ = {
			isa = PBXGroup;
			children = (
				68BCDC821A6EAE330065EC5A /* Info.plist */,
				68BCDC831A6EAE330065EC5A /* main.m */,
			);
			name = "Supporting Files";
			sourceTree = "<group>";
		};
		68BCDC9A1A6EAE340065EC5A /* fiscevm-ios-runnerTests */ = {
			isa = PBXGroup;
			children = (
				68BCDC9D1A6EAE340065EC5A /* fiscevm_ios_runnerTests.m */,
				68BCDC9B1A6EAE340065EC5A /* Supporting Files */,
			);
			path = "fiscevm-ios-runnerTests";
			sourceTree = "<group>";
		};
		68BCDC9B1A6EAE340065EC5A /* Supporting Files */ = {
			isa = PBXGroup;
			children = (
				68BCDC9C1A6EAE340065EC5A /* Info.plist */,
			);
			name = "Supporting Files";
			sourceTree = "<group>";
		};
		68D981BC1ACC5A3000DE30B7 /* Products */ = {
			isa = PBXGroup;
			children = (
				68D981C31ACC5A3000DE30B7 /* libfisce.dylib */,
				68D981C51ACC5A3000DE30B7 /* libfiscej.dylib */,
				68D981C71ACC5A3000DE30B7 /* libFiScEVM.a */,
				68D981C91ACC5A3000DE30B7 /* ifisceTests.xctest */,
			);
			name = Products;
			sourceTree = "<group>";
		};
/* End PBXGroup section */

/* Begin PBXNativeTarget section */
		68BCDC7D1A6EAE330065EC5A /* fiscevm-ios-runner */ = {
			isa = PBXNativeTarget;
			buildConfigurationList = 68BCDCA11A6EAE340065EC5A /* Build configuration list for PBXNativeTarget "fiscevm-ios-runner" */;
			buildPhases = (
				68BCDC7A1A6EAE330065EC5A /* Sources */,
				68BCDC7B1A6EAE330065EC5A /* Frameworks */,
				68BCDC7C1A6EAE330065EC5A /* Resources */,
			);
			buildRules = (
			);
			dependencies = (
			);
			name = "fiscevm-ios-runner";
			productName = "fiscevm-ios-runner";
			productReference = 68BCDC7E1A6EAE330065EC5A /* fiscevm-ios-runner.app */;
			productType = "com.apple.product-type.application";
		};
		68BCDC961A6EAE340065EC5A /* fiscevm-ios-runnerTests */ = {
			isa = PBXNativeTarget;
			buildConfigurationList = 68BCDCA41A6EAE340065EC5A /* Build configuration list for PBXNativeTarget "fiscevm-ios-runnerTests" */;
			buildPhases = (
				68BCDC931A6EAE340065EC5A /* Sources */,
				68BCDC941A6EAE340065EC5A /* Frameworks */,
				68BCDC951A6EAE340065EC5A /* Resources */,
			);
			buildRules = (
			);
			dependencies = (
				68BCDC991A6EAE340065EC5A /* PBXTargetDependency */,
			);
			name = "fiscevm-ios-runnerTests";
			productName = "fiscevm-ios-runnerTests";
			productReference = 68BCDC971A6EAE340065EC5A /* fiscevm-ios-runnerTests.xctest */;
			productType = "com.apple.product-type.bundle.unit-test";
		};
/* End PBXNativeTarget section */

/* Begin PBXProject section */
		68BCDC761A6EAE330065EC5A /* Project object */ = {
			isa = PBXProject;
			attributes = {
				LastUpgradeCheck = 0610;
				ORGANIZATIONNAME = Cirnoworks;
				TargetAttributes = {
					68BCDC7D1A6EAE330065EC5A = {
						CreatedOnToolsVersion = 6.1.1;
					};
					68BCDC961A6EAE340065EC5A = {
						CreatedOnToolsVersion = 6.1.1;
						TestTargetID = 68BCDC7D1A6EAE330065EC5A;
					};
				};
			};
			buildConfigurationList = 68BCDC791A6EAE330065EC5A /* Build configuration list for PBXProject "fiscevm-ios-runner" */;
			compatibilityVersion = "Xcode 3.2";
			developmentRegion = English;
			hasScannedForEncodings = 0;
			knownRegions = (
				en,
				Base,
			);
			mainGroup = 68BCDC751A6EAE330065EC5A;
			productRefGroup = 68BCDC7F1A6EAE330065EC5A /* Products */;
			projectDirPath = "";
			projectReferences = (
				{
					ProductGroup = 68D981BC1ACC5A3000DE30B7 /* Products */;
					ProjectRef = 68D981BB1ACC5A3000DE30B7 /* libfisce.xcodeproj */;
				},
			);
			projectRoot = "";
			targets = (
				68BCDC7D1A6EAE330065EC5A /* fiscevm-ios-runner */,
				68BCDC961A6EAE340065EC5A /* fiscevm-ios-runnerTests */,
			);
		};
/* End PBXProject section */

/* Begin PBXReferenceProxy section */
		68D981C31ACC5A3000DE30B7 /* libfisce.dylib */ = {
			isa = PBXReferenceProxy;
			fileType = "compiled.mach-o.dylib";
			path = libfisce.dylib;
			remoteRef = 68D981C21ACC5A3000DE30B7 /* PBXContainerItemProxy */;
			sourceTree = BUILT_PRODUCTS_DIR;
		};
		68D981C51ACC5A3000DE30B7 /* libfiscej.dylib */ = {
			isa = PBXReferenceProxy;
			fileType = "compiled.mach-o.dylib";
			path = libfiscej.dylib;
			remoteRef = 68D981C41ACC5A3000DE30B7 /* PBXContainerItemProxy */;
			sourceTree = BUILT_PRODUCTS_DIR;
		};
		68D981C71ACC5A3000DE30B7 /* libFiScEVM.a */ = {
			isa = PBXReferenceProxy;
			fileType = archive.ar;
			path = libFiScEVM.a;
			remoteRef = 68D981C61ACC5A3000DE30B7 /* PBXContainerItemProxy */;
			sourceTree = BUILT_PRODUCTS_DIR;
		};
		68D981C91ACC5A3000DE30B7 /* ifisceTests.xctest */ = {
			isa = PBXReferenceProxy;
			fileType = wrapper.cfbundle;
			path = ifisceTests.xctest;
			remoteRef = 68D981C81ACC5A3000DE30B7 /* PBXContainerItemProxy */;
			sourceTree = BUILT_PRODUCTS_DIR;
		};
/* End PBXReferenceProxy section */

/* Begin PBXResourcesBuildPhase section */
		68BCDC7C1A6EAE330065EC5A /* Resources */ = {
			isa = PBXResourcesBuildPhase;
			buildActionMask = 2147483647;
			files = (
				68BCDC8D1A6EAE330065EC5A /* Main.storyboard in Resources */,
				68BCDCAF1A6EB2040065EC5A /* classes in Resources */,
				68BCDC921A6EAE330065EC5A /* LaunchScreen.xib in Resources */,
				68BCDC8F1A6EAE330065EC5A /* Images.xcassets in Resources */,
			);
			runOnlyForDeploymentPostprocessing = 0;
		};
		68BCDC951A6EAE340065EC5A /* Resources */ = {
			isa = PBXResourcesBuildPhase;
			buildActionMask = 2147483647;
			files = (
			);
			runOnlyForDeploymentPostprocessing = 0;
		};
/* End PBXResourcesBuildPhase section */

/* Begin PBXSourcesBuildPhase section */
		68BCDC7A1A6EAE330065EC5A /* Sources */ = {
			isa = PBXSourcesBuildPhase;
			buildActionMask = 2147483647;
			files = (
				68BCDC8A1A6EAE330065EC5A /* ViewController.m in Sources */,
				68BCDC871A6EAE330065EC5A /* AppDelegate.m in Sources */,
				68BCDC841A6EAE330065EC5A /* main.m in Sources */,
			);
			runOnlyForDeploymentPostprocessing = 0;
		};
		68BCDC931A6EAE340065EC5A /* Sources */ = {
			isa = PBXSourcesBuildPhase;
			buildActionMask = 2147483647;
			files = (
				68BCDC9E1A6EAE340065EC5A /* fiscevm_ios_runnerTests.m in Sources */,
			);
			runOnlyForDeploymentPostprocessing = 0;
		};
/* End PBXSourcesBuildPhase section */

/* Begin PBXTargetDependency section */
		68BCDC991A6EAE340065EC5A /* PBXTargetDependency */ = {
			isa = PBXTargetDependency;
			target = 68BCDC7D1A6EAE330065EC5A /* fiscevm-ios-runner */;
			targetProxy = 68BCDC981A6EAE340065EC5A /* PBXContainerItemProxy */;
		};
/* End PBXTargetDependency section */

/* Begin PBXVariantGroup section */
		68BCDC8B1A6EAE330065EC5A /* Main.storyboard */ = {
			isa = PBXVariantGroup;
			children = (
				68BCDC8C1A6EAE330065EC5A /* Base */,
			);
			name = Main.storyboard;
			sourceTree = "<group>";
		};
		68BCDC901A6EAE330065EC5A /* LaunchScreen.xib */ = {
			isa = PBXVariantGroup;
			children = (
				68BCDC911A6EAE330065EC5A /* Base */,
			);
			name = LaunchScreen.xib;
			sourceTree = "<group>";
		};
/* End PBXVariantGroup section */

/* Begin XCBuildConfiguration section */
		68BCDC9F1A6EAE340065EC5A /* Debug */ = {
			isa = XCBuildConfiguration;
			buildSettings = {
				ALWAYS_SEARCH_USER_PATHS = NO;
				CLANG_CXX_LANGUAGE_STANDARD = "gnu++0x";
				CLANG_CXX_LIBRARY = "libc++";
				CLANG_ENABLE_MODULES = YES;
				CLANG_ENABLE_OBJC_ARC = YES;
				CLANG_WARN_BOOL_CONVERSION = YES;
				CLANG_WARN_CONSTANT_CONVERSION = YES;
				CLANG_WARN_DIRECT_OBJC_ISA_USAGE = YES_ERROR;
				CLANG_WARN_EMPTY_BODY = YES;
				CLANG_WARN_ENUM_CONVERSION = YES;
				CLANG_WARN_INT_CONVERSION = YES;
				CLANG_WARN_OBJC_ROOT_CLASS = YES_ERROR;
				CLANG_WARN_UNREACHABLE_CODE = YES;
				CLANG_WARN__DUPLICATE_METHOD_MATCH = YES;
				"CODE_SIGN_IDENTITY[sdk=iphoneos*]" = "iPhone Developer";
				COPY_PHASE_STRIP = NO;
				ENABLE_STRICT_OBJC_MSGSEND = YES;
				GCC_C_LANGUAGE_STANDARD = gnu99;
				GCC_DYNAMIC_NO_PIC = NO;
				GCC_OPTIMIZATION_LEVEL = 0;
				GCC_PREPROCESSOR_DEFINITIONS = (
					"DEBUG=1",
					"$(inherited)",
				);
				GCC_SYMBOLS_PRIVATE_EXTERN = NO;
				GCC_WARN_64_TO_32_BIT_CONVERSION = YES;
				GCC_WARN_ABOUT_RETURN_TYPE = YES_ERROR;
				GCC_WARN_UNDECLARED_SELECTOR = YES;
				GCC_WARN_UNINITIALIZED_AUTOS = YES_AGGRESSIVE;
				GCC_WARN_UNUSED_FUNCTION = YES;
				GCC_WARN_UNUSED_VARIABLE = YES;
				IPHONEOS_DEPLOYMENT_TARGET = 6.1;
				MTL_ENABLE_DEBUG_INFO = YES;
				ONLY_ACTIVE_ARCH = YES;
				SDKROOT = iphoneos;
				TARGETED_DEVICE_FAMILY = "1,2";
			};
			name = Debug;
		};
		68BCDCA01A6EAE340065EC5A /* Release */ = {
			isa = XCBuildConfiguration;
			buildSettings = {
				ALWAYS_SEARCH_USER_PATHS = NO;
				CLANG_CXX_LANGUAGE_STANDARD = "gnu++0x";
				CLANG_CXX_LIBRARY = "libc++";
				CLANG_ENABLE_MODULES = YES;
				CLANG_ENABLE_OBJC_ARC = YES;
				CLANG_WARN_BOOL_CONVERSION = YES;
				CLANG_WARN_CONSTANT_CONVERSION = YES;
				CLANG_WARN_DIRECT_OBJC_ISA_USAGE = YES_ERROR;
				CLANG_WARN_EMPTY_BODY = YES;
				CLANG_WARN_ENUM_CONVERSION = YES;
				CLANG_WARN_INT_CONVERSION = YES;
				CLANG_WARN_OBJC_ROOT_CLASS = YES_ERROR;
				CLANG_WARN_UNREACHABLE_CODE = YES;
				CLANG_WARN__DUPLICATE_METHOD_MATCH = YES;
				"CODE_SIGN_IDENTITY[sdk=iphoneos*]" = "iPhone Developer";
				COPY_PHASE_STRIP = YES;
				ENABLE_NS_ASSERTIONS = NO;
				ENABLE_STRICT_OBJC_MSGSEND = YES;
				GCC_C_LANGUAGE_STANDARD = gnu99;
				GCC_WARN_64_TO_32_BIT_CONVERSION = YES;
				GCC_WARN_ABOUT_RETURN_TYPE = YES_ERROR;
				GCC_WARN_UNDECLARED_SELECTOR = YES;
				GCC_WARN_UNINITIALIZED_AUTOS = YES_AGGRESSIVE;
				GCC_WARN_UNUSED_FUNCTION = YES;
				GCC_WARN_UNUSED_VARIABLE = YES;
				IPHONEOS_DEPLOYMENT_TARGET = 6.1;
				MTL_ENABLE_DEBUG_INFO = NO;
				SDKROOT = iphoneos;
				TARGETED_DEVICE_FAMILY = "1,2";
				VALIDATE_PRODUCT = YES;
			};
			name = Release;
		};
		68BCDCA21A6EAE340065EC5A /* Debug */ = {
			isa = XCBuildConfiguration;
			buildSettings = {
				ASSETCATALOG_COMPILER_APPICON_NAME = AppIcon;
				GCC_OPTIMIZATION_LEVEL = 2;
				INFOPLIST_FILE = "fiscevm-ios-runner/Info.plist";
				LD_RUNPATH_SEARCH_PATHS = "$(inherited) @executable_path/Frameworks";
				PRODUCT_NAME = "$(TARGET_NAME)";
			};
			name = Debug;
		};
		68BCDCA31A6EAE340065EC5A /* Release */ = {
			isa = XCBuildConfiguration;
			buildSettings = {
				ASSETCATALOG_COMPILER_APPICON_NAME = AppIcon;
				GCC_DYNAMIC_NO_PIC = YES;
				GCC_GENERATE_DEBUGGING_SYMBOLS = NO;
				GCC_OPTIMIZATION_LEVEL = fast;
				INFOPLIST_FILE = "fiscevm-ios-runner/Info.plist";
				LD_RUNPATH_SEARCH_PATHS = "$(inherited) @executable_path/Frameworks";
				LLVM_LTO = YES;
				PRODUCT_NAME = "$(TARGET_NAME)";
			};
			name = Release;
		};
		68BCDCA51A6EAE340065EC5A /* Debug */ = {
			isa = XCBuildConfiguration;
			buildSettings = {
				BUNDLE_LOADER = "$(TEST_HOST)";
				FRAMEWORK_SEARCH_PATHS = (
					"$(SDKROOT)/Developer/Library/Frameworks",
					"$(inherited)",
				);
				GCC_PREPROCESSOR_DEFINITIONS = (
					"DEBUG=1",
					"$(inherited)",
				);
				INFOPLIST_FILE = "fiscevm-ios-runnerTests/Info.plist";
				LD_RUNPATH_SEARCH_PATHS = "$(inherited) @executable_path/Frameworks @loader_path/Frameworks";
				PRODUCT_NAME = "$(TARGET_NAME)";
				TEST_HOST = "$(BUILT_PRODUCTS_DIR)/fiscevm-ios-runner.app/fiscevm-ios-runner";
			};
			name = Debug;
		};
		68BCDCA61A6EAE340065EC5A /* Release */ = {
			isa = XCBuildConfiguration;
			buildSettings = {
				BUNDLE_LOADER = "$(TEST_HOST)";
				FRAMEWORK_SEARCH_PATHS = (
					"$(SDKROOT)/Developer/Library/Frameworks",
					"$(inherited)",
				);
				INFOPLIST_FILE = "fiscevm-ios-runnerTests/Info.plist";
				LD_RUNPATH_SEARCH_PATHS = "$(inherited) @executable_path/Frameworks @loader_path/Frameworks";
				PRODUCT_NAME = "$(TARGET_NAME)";
				TEST_HOST = "$(BUILT_PRODUCTS_DIR)/fiscevm-ios-runner.app/fiscevm-ios-runner";
			};
			name = Release;
		};
/* End XCBuildConfiguration section */

/* Begin XCConfigurationList section */
		68BCDC791A6EAE330065EC5A /* Build configuration list for PBXProject "fiscevm-ios-runner" */ = {
			isa = XCConfigurationList;
			buildConfigurations = (
				68BCDC9F1A6EAE340065EC5A /* Debug */,
				68BCDCA01A6EAE340065EC5A /* Release */,
			);
			defaultConfigurationIsVisible = 0;
			defaultConfigurationName = Release;
		};
		68BCDCA11A6EAE340065EC5A /* Build configuration list for PBXNativeTarget "fiscevm-ios-runner" */ = {
			isa = XCConfigurationList;
			buildConfigurations = (
				68BCDCA21A6EAE340065EC5A /* Debug */,
				68BCDCA31A6EAE340065EC5A /* Release */,
			);
			defaultConfigurationIsVisible = 0;
			defaultConfigurationName = Release;
		};
		68BCDCA41A6EAE340065EC5A /* Build configuration list for PBXNativeTarget "fiscevm-ios-runnerTests" */ = {
			isa = XCConfigurationList;
			buildConfigurations = (
				68BCDCA51A6EAE340065EC5A /* Debug */,
				68BCDCA61A6EAE340065EC5A /* Release */,
			);
			defaultConfigurationIsVisible = 0;
			defaultConfigurationName = Release;
		};
/* End XCConfigurationList section */
	};
	rootObject = 68BCDC761A6EAE330065EC5A /* Project object */;
}
